
Microsoft Visual Studio Solution File, Format Version 12.00
# Visual Studio Version 17
VisualStudioVersion = 17.3.32929.385
MinimumVisualStudioVersion = 10.0.40219.1
Project("{8BC9CEB8-8B4A-11D0-8D11-00A0C91BC942}") = "Game39541", "Game39541\Game39541.vcxproj", "{E5F9C0C0-08F6-4880-833B-D94792E8D48F}"
EndProject
Project("{8BC9CEB8-8B4A-11D0-8D11-00A0C91BC942}") = "Lizkit", "Lizkit\Lizkit.vcxproj", "{341C626D-47BE-43B9-9DEE-342E010A41D7}"
EndProject
Global
	GlobalSection(SolutionConfigurationPlatforms) = preSolution
		Debug|x64 = Debug|x64
		Release|x64 = Release|x64
	EndGlobalSection
	GlobalSection(ProjectConfigurationPlatforms) = postSolution
		{E5F9C0C0-08F6-4880-833B-D94792E8D48F}.Debug|x64.ActiveCfg = Debug|x64
		{E5F9C0C0-08F6-4880-833B-D94792E8D48F}.Debug|x64.Build.0 = Debug|x64
		{E5F9C0C0-08F6-4880-833B-D94792E8D48F}.Release|x64.ActiveCfg = Release|x64
		{E5F9C0C0-08F6-4880-833B-D94792E8D48F}.Release|x64.Build.0 = Release|x64
		{341C626D-47BE-43B9-9DEE-342E010A41D7}.Debug|x64.ActiveCfg = Debug|x64
		{341C626D-47BE-43B9-9DEE-342E010A41D7}.Debug|x64.Build.0 = Debug|x64
		{341C626D-47BE-43B9-9DEE-342E010A41D7}.Release|x64.ActiveCfg = Release|x64
		{341C626D-47BE-43B9-9DEE-342E010A41D7}.Release|x64.Build.0 = Release|x64
	EndGlobalSection
	GlobalSection(SolutionProperties) = preSolution
		HideSolutionNode = FALSE
	EndGlobalSection
	GlobalSection(ExtensibilityGlobals) = postSolution
		SolutionGuid = {AAF818A4-3133-4CC5-9BA0-A60006A838CA}
	EndGlobalSection
EndGlobal
