
Microsoft Visual Studio Solution File, Format Version 12.00
# Visual Studio Version 17
VisualStudioVersion = 17.3.32929.385
MinimumVisualStudioVersion = 10.0.40219.1
Project("{8BC9CEB8-8B4A-11D0-8D11-00A0C91BC942}") = "Game39541", "Game39541\Game39541.vcxproj", "{E5F9C0C0-08F6-4880-833B-D94792E8D48F}"
EndProject
Project("{8BC9CEB8-8B4A-11D0-8D11-00A0C91BC942}") = "Lizkit", "Lizkit\Lizkit.vcxproj", "{341C626D-47BE-43B9-9DEE-342E010A41D7}"
EndProject
Project("{8BC9CEB8-8B4A-11D0-8D11-00A0C91BC942}") = "glfw", "glfw\build\src\glfw.vcxproj", "{98499BC0-480A-37FD-913A-636466E3BE81}"
EndProject
Project("{8BC9CEB8-8B4A-11D0-8D11-00A0C91BC942}") = "glad", "glad\glad.vcxproj", "{277A55E9-C9DB-41E4-82E0-D376F354FE85}"
EndProject
Global
	GlobalSection(SolutionConfigurationPlatforms) = preSolution
		Debug|x64 = Debug|x64
		Debug|x86 = Debug|x86
		MinSizeRel|x64 = MinSizeRel|x64
		MinSizeRel|x86 = MinSizeRel|x86
		Release|x64 = Release|x64
		Release|x86 = Release|x86
		RelWithDebInfo|x64 = RelWithDebInfo|x64
		RelWithDebInfo|x86 = RelWithDebInfo|x86
	EndGlobalSection
	GlobalSection(ProjectConfigurationPlatforms) = postSolution
		{E5F9C0C0-08F6-4880-833B-D94792E8D48F}.Debug|x64.ActiveCfg = Debug|x64
		{E5F9C0C0-08F6-4880-833B-D94792E8D48F}.Debug|x64.Build.0 = Debug|x64
		{E5F9C0C0-08F6-4880-833B-D94792E8D48F}.Debug|x86.ActiveCfg = Debug|x64
		{E5F9C0C0-08F6-4880-833B-D94792E8D48F}.Debug|x86.Build.0 = Debug|x64
		{E5F9C0C0-08F6-4880-833B-D94792E8D48F}.MinSizeRel|x64.ActiveCfg = Release|x64
		{E5F9C0C0-08F6-4880-833B-D94792E8D48F}.MinSizeRel|x64.Build.0 = Release|x64
		{E5F9C0C0-08F6-4880-833B-D94792E8D48F}.MinSizeRel|x86.ActiveCfg = Release|x64
		{E5F9C0C0-08F6-4880-833B-D94792E8D48F}.MinSizeRel|x86.Build.0 = Release|x64
		{E5F9C0C0-08F6-4880-833B-D94792E8D48F}.Release|x64.ActiveCfg = Release|x64
		{E5F9C0C0-08F6-4880-833B-D94792E8D48F}.Release|x64.Build.0 = Release|x64
		{E5F9C0C0-08F6-4880-833B-D94792E8D48F}.Release|x86.ActiveCfg = Release|x64
		{E5F9C0C0-08F6-4880-833B-D94792E8D48F}.Release|x86.Build.0 = Release|x64
		{E5F9C0C0-08F6-4880-833B-D94792E8D48F}.RelWithDebInfo|x64.ActiveCfg = Release|x64
		{E5F9C0C0-08F6-4880-833B-D94792E8D48F}.RelWithDebInfo|x64.Build.0 = Release|x64
		{E5F9C0C0-08F6-4880-833B-D94792E8D48F}.RelWithDebInfo|x86.ActiveCfg = Release|x64
		{E5F9C0C0-08F6-4880-833B-D94792E8D48F}.RelWithDebInfo|x86.Build.0 = Release|x64
		{341C626D-47BE-43B9-9DEE-342E010A41D7}.Debug|x64.ActiveCfg = Debug|x64
		{341C626D-47BE-43B9-9DEE-342E010A41D7}.Debug|x64.Build.0 = Debug|x64
		{341C626D-47BE-43B9-9DEE-342E010A41D7}.Debug|x86.ActiveCfg = Debug|x64
		{341C626D-47BE-43B9-9DEE-342E010A41D7}.Debug|x86.Build.0 = Debug|x64
		{341C626D-47BE-43B9-9DEE-342E010A41D7}.MinSizeRel|x64.ActiveCfg = Release|x64
		{341C626D-47BE-43B9-9DEE-342E010A41D7}.MinSizeRel|x64.Build.0 = Release|x64
		{341C626D-47BE-43B9-9DEE-342E010A41D7}.MinSizeRel|x86.ActiveCfg = Release|x64
		{341C626D-47BE-43B9-9DEE-342E010A41D7}.MinSizeRel|x86.Build.0 = Release|x64
		{341C626D-47BE-43B9-9DEE-342E010A41D7}.Release|x64.ActiveCfg = Release|x64
		{341C626D-47BE-43B9-9DEE-342E010A41D7}.Release|x64.Build.0 = Release|x64
		{341C626D-47BE-43B9-9DEE-342E010A41D7}.Release|x86.ActiveCfg = Release|x64
		{341C626D-47BE-43B9-9DEE-342E010A41D7}.Release|x86.Build.0 = Release|x64
		{341C626D-47BE-43B9-9DEE-342E010A41D7}.RelWithDebInfo|x64.ActiveCfg = Release|x64
		{341C626D-47BE-43B9-9DEE-342E010A41D7}.RelWithDebInfo|x64.Build.0 = Release|x64
		{341C626D-47BE-43B9-9DEE-342E010A41D7}.RelWithDebInfo|x86.ActiveCfg = Release|x64
		{341C626D-47BE-43B9-9DEE-342E010A41D7}.RelWithDebInfo|x86.Build.0 = Release|x64
		{98499BC0-480A-37FD-913A-636466E3BE81}.Debug|x64.ActiveCfg = Debug|x64
		{98499BC0-480A-37FD-913A-636466E3BE81}.Debug|x64.Build.0 = Debug|x64
		{98499BC0-480A-37FD-913A-636466E3BE81}.Debug|x86.ActiveCfg = Debug|x64
		{98499BC0-480A-37FD-913A-636466E3BE81}.Debug|x86.Build.0 = Debug|x64
		{98499BC0-480A-37FD-913A-636466E3BE81}.MinSizeRel|x64.ActiveCfg = MinSizeRel|x64
		{98499BC0-480A-37FD-913A-636466E3BE81}.MinSizeRel|x64.Build.0 = MinSizeRel|x64
		{98499BC0-480A-37FD-913A-636466E3BE81}.MinSizeRel|x86.ActiveCfg = MinSizeRel|x64
		{98499BC0-480A-37FD-913A-636466E3BE81}.MinSizeRel|x86.Build.0 = MinSizeRel|x64
		{98499BC0-480A-37FD-913A-636466E3BE81}.Release|x64.ActiveCfg = Release|x64
		{98499BC0-480A-37FD-913A-636466E3BE81}.Release|x64.Build.0 = Release|x64
		{98499BC0-480A-37FD-913A-636466E3BE81}.Release|x86.ActiveCfg = Release|x64
		{98499BC0-480A-37FD-913A-636466E3BE81}.Release|x86.Build.0 = Release|x64
		{98499BC0-480A-37FD-913A-636466E3BE81}.RelWithDebInfo|x64.ActiveCfg = RelWithDebInfo|x64
		{98499BC0-480A-37FD-913A-636466E3BE81}.RelWithDebInfo|x64.Build.0 = RelWithDebInfo|x64
		{98499BC0-480A-37FD-913A-636466E3BE81}.RelWithDebInfo|x86.ActiveCfg = RelWithDebInfo|x64
		{98499BC0-480A-37FD-913A-636466E3BE81}.RelWithDebInfo|x86.Build.0 = RelWithDebInfo|x64
		{277A55E9-C9DB-41E4-82E0-D376F354FE85}.Debug|x64.ActiveCfg = Debug|x64
		{277A55E9-C9DB-41E4-82E0-D376F354FE85}.Debug|x64.Build.0 = Debug|x64
		{277A55E9-C9DB-41E4-82E0-D376F354FE85}.Debug|x86.ActiveCfg = Debug|Win32
		{277A55E9-C9DB-41E4-82E0-D376F354FE85}.Debug|x86.Build.0 = Debug|Win32
		{277A55E9-C9DB-41E4-82E0-D376F354FE85}.MinSizeRel|x64.ActiveCfg = Debug|x64
		{277A55E9-C9DB-41E4-82E0-D376F354FE85}.MinSizeRel|x64.Build.0 = Debug|x64
		{277A55E9-C9DB-41E4-82E0-D376F354FE85}.MinSizeRel|x86.ActiveCfg = Debug|Win32
		{277A55E9-C9DB-41E4-82E0-D376F354FE85}.MinSizeRel|x86.Build.0 = Debug|Win32
		{277A55E9-C9DB-41E4-82E0-D376F354FE85}.Release|x64.ActiveCfg = Release|x64
		{277A55E9-C9DB-41E4-82E0-D376F354FE85}.Release|x64.Build.0 = Release|x64
		{277A55E9-C9DB-41E4-82E0-D376F354FE85}.Release|x86.ActiveCfg = Release|Win32
		{277A55E9-C9DB-41E4-82E0-D376F354FE85}.Release|x86.Build.0 = Release|Win32
		{277A55E9-C9DB-41E4-82E0-D376F354FE85}.RelWithDebInfo|x64.ActiveCfg = Release|x64
		{277A55E9-C9DB-41E4-82E0-D376F354FE85}.RelWithDebInfo|x64.Build.0 = Release|x64
		{277A55E9-C9DB-41E4-82E0-D376F354FE85}.RelWithDebInfo|x86.ActiveCfg = Release|Win32
		{277A55E9-C9DB-41E4-82E0-D376F354FE85}.RelWithDebInfo|x86.Build.0 = Release|Win32
	EndGlobalSection
	GlobalSection(SolutionProperties) = preSolution
		HideSolutionNode = FALSE
	EndGlobalSection
	GlobalSection(ExtensibilityGlobals) = postSolution
		SolutionGuid = {AAF818A4-3133-4CC5-9BA0-A60006A838CA}
	EndGlobalSection
EndGlobal
